
Microsoft Visual Studio Solution File, Format Version 12.00
# Visual Studio Version 17
VisualStudioVersion = 17.10.35013.160
MinimumVisualStudioVersion = 10.0.40219.1
Project("{FAE04EC0-301F-11D3-BF4B-00C04F79EFBC}") = "Task_01", "Task_01\Task_01.csproj", "{261AE122-3D40-42F5-8ADF-A356EDCB36BB}"
EndProject
Global
	GlobalSection(SolutionConfigurationPlatforms) = preSolution
		Debug|Any CPU = Debug|Any CPU
		Release|Any CPU = Release|Any CPU
	EndGlobalSection
	GlobalSection(ProjectConfigurationPlatforms) = postSolution
		{261AE122-3D40-42F5-8ADF-A356EDCB36BB}.Debug|Any CPU.ActiveCfg = Debug|Any CPU
		{261AE122-3D40-42F5-8ADF-A356EDCB36BB}.Debug|Any CPU.Build.0 = Debug|Any CPU
		{261AE122-3D40-42F5-8ADF-A356EDCB36BB}.Release|Any CPU.ActiveCfg = Release|Any CPU
		{261AE122-3D40-42F5-8ADF-A356EDCB36BB}.Release|Any CPU.Build.0 = Release|Any CPU
	EndGlobalSection
	GlobalSection(SolutionProperties) = preSolution
		HideSolutionNode = FALSE
	EndGlobalSection
	GlobalSection(ExtensibilityGlobals) = postSolution
		SolutionGuid = {56B199D8-28E4-4BC7-9B77-D537905496FA}
	EndGlobalSection
EndGlobal
