
Microsoft Visual Studio Solution File, Format Version 12.00
# Visual Studio Version 17
VisualStudioVersion = 17.10.35013.160
MinimumVisualStudioVersion = 10.0.40219.1
Project("{FAE04EC0-301F-11D3-BF4B-00C04F79EFBC}") = "RoutedEvents", "RoutedEvents\RoutedEvents.csproj", "{99A551A1-B7DF-4D73-A021-CC811CA558F8}"
EndProject
Project("{FAE04EC0-301F-11D3-BF4B-00C04F79EFBC}") = "EventsRouting", "EventsRouting\EventsRouting.csproj", "{B502E65F-5A0B-4BC3-81E8-02930BDC134C}"
EndProject
Global
	GlobalSection(SolutionConfigurationPlatforms) = preSolution
		Debug|Any CPU = Debug|Any CPU
		Release|Any CPU = Release|Any CPU
	EndGlobalSection
	GlobalSection(ProjectConfigurationPlatforms) = postSolution
		{99A551A1-B7DF-4D73-A021-CC811CA558F8}.Debug|Any CPU.ActiveCfg = Debug|Any CPU
		{99A551A1-B7DF-4D73-A021-CC811CA558F8}.Debug|Any CPU.Build.0 = Debug|Any CPU
		{99A551A1-B7DF-4D73-A021-CC811CA558F8}.Release|Any CPU.ActiveCfg = Release|Any CPU
		{99A551A1-B7DF-4D73-A021-CC811CA558F8}.Release|Any CPU.Build.0 = Release|Any CPU
		{B502E65F-5A0B-4BC3-81E8-02930BDC134C}.Debug|Any CPU.ActiveCfg = Debug|Any CPU
		{B502E65F-5A0B-4BC3-81E8-02930BDC134C}.Debug|Any CPU.Build.0 = Debug|Any CPU
		{B502E65F-5A0B-4BC3-81E8-02930BDC134C}.Release|Any CPU.ActiveCfg = Release|Any CPU
		{B502E65F-5A0B-4BC3-81E8-02930BDC134C}.Release|Any CPU.Build.0 = Release|Any CPU
	EndGlobalSection
	GlobalSection(SolutionProperties) = preSolution
		HideSolutionNode = FALSE
	EndGlobalSection
	GlobalSection(ExtensibilityGlobals) = postSolution
		SolutionGuid = {BFAB6B6B-6999-44AB-B510-CA3B3E614E36}
	EndGlobalSection
EndGlobal
