
Microsoft Visual Studio Solution File, Format Version 12.00
# Visual Studio Version 17
VisualStudioVersion = 17.10.35013.160
MinimumVisualStudioVersion = 10.0.40219.1
Project("{FAE04EC0-301F-11D3-BF4B-00C04F79EFBC}") = "Content_Control", "Content_Control\Content_Control.csproj", "{BCA39A33-03B0-416A-9339-54D2BF3F4EA2}"
EndProject
Project("{FAE04EC0-301F-11D3-BF4B-00C04F79EFBC}") = "TextBoxBase", "TextBoxBase\TextBoxBase.csproj", "{70F22731-A1F1-4E7E-9117-E584C71B97A8}"
EndProject
Project("{FAE04EC0-301F-11D3-BF4B-00C04F79EFBC}") = "RangeBase", "RangeBase\RangeBase.csproj", "{3FA51743-A249-42D3-A26B-209683593F88}"
EndProject
Project("{FAE04EC0-301F-11D3-BF4B-00C04F79EFBC}") = "Thumb", "Thumb\Thumb.csproj", "{03437E34-CD52-4BD0-8B87-EF13EB182587}"
EndProject
Global
	GlobalSection(SolutionConfigurationPlatforms) = preSolution
		Debug|Any CPU = Debug|Any CPU
		Release|Any CPU = Release|Any CPU
	EndGlobalSection
	GlobalSection(ProjectConfigurationPlatforms) = postSolution
		{BCA39A33-03B0-416A-9339-54D2BF3F4EA2}.Debug|Any CPU.ActiveCfg = Debug|Any CPU
		{BCA39A33-03B0-416A-9339-54D2BF3F4EA2}.Debug|Any CPU.Build.0 = Debug|Any CPU
		{BCA39A33-03B0-416A-9339-54D2BF3F4EA2}.Release|Any CPU.ActiveCfg = Release|Any CPU
		{BCA39A33-03B0-416A-9339-54D2BF3F4EA2}.Release|Any CPU.Build.0 = Release|Any CPU
		{70F22731-A1F1-4E7E-9117-E584C71B97A8}.Debug|Any CPU.ActiveCfg = Debug|Any CPU
		{70F22731-A1F1-4E7E-9117-E584C71B97A8}.Debug|Any CPU.Build.0 = Debug|Any CPU
		{70F22731-A1F1-4E7E-9117-E584C71B97A8}.Release|Any CPU.ActiveCfg = Release|Any CPU
		{70F22731-A1F1-4E7E-9117-E584C71B97A8}.Release|Any CPU.Build.0 = Release|Any CPU
		{3FA51743-A249-42D3-A26B-209683593F88}.Debug|Any CPU.ActiveCfg = Debug|Any CPU
		{3FA51743-A249-42D3-A26B-209683593F88}.Debug|Any CPU.Build.0 = Debug|Any CPU
		{3FA51743-A249-42D3-A26B-209683593F88}.Release|Any CPU.ActiveCfg = Release|Any CPU
		{3FA51743-A249-42D3-A26B-209683593F88}.Release|Any CPU.Build.0 = Release|Any CPU
		{03437E34-CD52-4BD0-8B87-EF13EB182587}.Debug|Any CPU.ActiveCfg = Debug|Any CPU
		{03437E34-CD52-4BD0-8B87-EF13EB182587}.Debug|Any CPU.Build.0 = Debug|Any CPU
		{03437E34-CD52-4BD0-8B87-EF13EB182587}.Release|Any CPU.ActiveCfg = Release|Any CPU
		{03437E34-CD52-4BD0-8B87-EF13EB182587}.Release|Any CPU.Build.0 = Release|Any CPU
	EndGlobalSection
	GlobalSection(SolutionProperties) = preSolution
		HideSolutionNode = FALSE
	EndGlobalSection
	GlobalSection(ExtensibilityGlobals) = postSolution
		SolutionGuid = {A9ACCB72-3600-428D-BBFE-5466B03931ED}
	EndGlobalSection
EndGlobal
