
Microsoft Visual Studio Solution File, Format Version 12.00
# Visual Studio Version 17
VisualStudioVersion = 17.10.35013.160
MinimumVisualStudioVersion = 10.0.40219.1
Project("{FAE04EC0-301F-11D3-BF4B-00C04F79EFBC}") = "WindowProps", "WindowProps\WindowProps.csproj", "{7C7E86A0-810F-40E8-810A-5033A2C9C8EA}"
EndProject
Project("{FAE04EC0-301F-11D3-BF4B-00C04F79EFBC}") = "PageNavigation", "PageNavigation\PageNavigation.csproj", "{FD95A4DA-F41D-4962-8635-D095D8BD5F46}"
EndProject
Project("{FAE04EC0-301F-11D3-BF4B-00C04F79EFBC}") = "FrameNavigation", "FrameNavigation\FrameNavigation.csproj", "{EC72751E-D300-4B65-9A8A-0F87F0051677}"
EndProject
Project("{FAE04EC0-301F-11D3-BF4B-00C04F79EFBC}") = "AppStartupEvt", "AppStartupEvt\AppStartupEvt.csproj", "{91A05642-A468-4ED6-A004-B73E6662508E}"
EndProject
Global
	GlobalSection(SolutionConfigurationPlatforms) = preSolution
		Debug|Any CPU = Debug|Any CPU
		Release|Any CPU = Release|Any CPU
	EndGlobalSection
	GlobalSection(ProjectConfigurationPlatforms) = postSolution
		{7C7E86A0-810F-40E8-810A-5033A2C9C8EA}.Debug|Any CPU.ActiveCfg = Debug|Any CPU
		{7C7E86A0-810F-40E8-810A-5033A2C9C8EA}.Debug|Any CPU.Build.0 = Debug|Any CPU
		{7C7E86A0-810F-40E8-810A-5033A2C9C8EA}.Release|Any CPU.ActiveCfg = Release|Any CPU
		{7C7E86A0-810F-40E8-810A-5033A2C9C8EA}.Release|Any CPU.Build.0 = Release|Any CPU
		{FD95A4DA-F41D-4962-8635-D095D8BD5F46}.Debug|Any CPU.ActiveCfg = Debug|Any CPU
		{FD95A4DA-F41D-4962-8635-D095D8BD5F46}.Debug|Any CPU.Build.0 = Debug|Any CPU
		{FD95A4DA-F41D-4962-8635-D095D8BD5F46}.Release|Any CPU.ActiveCfg = Release|Any CPU
		{FD95A4DA-F41D-4962-8635-D095D8BD5F46}.Release|Any CPU.Build.0 = Release|Any CPU
		{EC72751E-D300-4B65-9A8A-0F87F0051677}.Debug|Any CPU.ActiveCfg = Debug|Any CPU
		{EC72751E-D300-4B65-9A8A-0F87F0051677}.Debug|Any CPU.Build.0 = Debug|Any CPU
		{EC72751E-D300-4B65-9A8A-0F87F0051677}.Release|Any CPU.ActiveCfg = Release|Any CPU
		{EC72751E-D300-4B65-9A8A-0F87F0051677}.Release|Any CPU.Build.0 = Release|Any CPU
		{91A05642-A468-4ED6-A004-B73E6662508E}.Debug|Any CPU.ActiveCfg = Debug|Any CPU
		{91A05642-A468-4ED6-A004-B73E6662508E}.Debug|Any CPU.Build.0 = Debug|Any CPU
		{91A05642-A468-4ED6-A004-B73E6662508E}.Release|Any CPU.ActiveCfg = Release|Any CPU
		{91A05642-A468-4ED6-A004-B73E6662508E}.Release|Any CPU.Build.0 = Release|Any CPU
	EndGlobalSection
	GlobalSection(SolutionProperties) = preSolution
		HideSolutionNode = FALSE
	EndGlobalSection
	GlobalSection(ExtensibilityGlobals) = postSolution
		SolutionGuid = {817A13DE-8798-4AB3-802F-D620FB1B56CC}
	EndGlobalSection
EndGlobal
